
Microsoft Visual Studio Solution File, Format Version 12.00
# Visual Studio Version 16
VisualStudioVersion = 16.0.30804.86
MinimumVisualStudioVersion = 10.0.40219.1
Project("{FAE04EC0-301F-11D3-BF4B-00C04F79EFBC}") = "Car", "Car\Car.csproj", "{070AF90E-5F85-40FE-A9D9-EA0F29E55A26}"
EndProject
Project("{FAE04EC0-301F-11D3-BF4B-00C04F79EFBC}") = "Car Extension", "Car Extension\Car Extension.csproj", "{653CC123-0B9A-459A-9EDD-A34B91D1EF10}"
EndProject
Global
	GlobalSection(SolutionConfigurationPlatforms) = preSolution
		Debug|Any CPU = Debug|Any CPU
		Release|Any CPU = Release|Any CPU
	EndGlobalSection
	GlobalSection(ProjectConfigurationPlatforms) = postSolution
		{070AF90E-5F85-40FE-A9D9-EA0F29E55A26}.Debug|Any CPU.ActiveCfg = Debug|Any CPU
		{070AF90E-5F85-40FE-A9D9-EA0F29E55A26}.Debug|Any CPU.Build.0 = Debug|Any CPU
		{070AF90E-5F85-40FE-A9D9-EA0F29E55A26}.Release|Any CPU.ActiveCfg = Release|Any CPU
		{070AF90E-5F85-40FE-A9D9-EA0F29E55A26}.Release|Any CPU.Build.0 = Release|Any CPU
		{653CC123-0B9A-459A-9EDD-A34B91D1EF10}.Debug|Any CPU.ActiveCfg = Debug|Any CPU
		{653CC123-0B9A-459A-9EDD-A34B91D1EF10}.Debug|Any CPU.Build.0 = Debug|Any CPU
		{653CC123-0B9A-459A-9EDD-A34B91D1EF10}.Release|Any CPU.ActiveCfg = Release|Any CPU
		{653CC123-0B9A-459A-9EDD-A34B91D1EF10}.Release|Any CPU.Build.0 = Release|Any CPU
	EndGlobalSection
	GlobalSection(SolutionProperties) = preSolution
		HideSolutionNode = FALSE
	EndGlobalSection
	GlobalSection(ExtensibilityGlobals) = postSolution
		SolutionGuid = {B46546A9-6D6F-47FE-8BAF-C30F480AB2A5}
	EndGlobalSection
EndGlobal
