
Microsoft Visual Studio Solution File, Format Version 12.00
# Visual Studio Version 16
VisualStudioVersion = 16.0.30804.86
MinimumVisualStudioVersion = 10.0.40219.1
Project("{FAE04EC0-301F-11D3-BF4B-00C04F79EFBC}") = "Unique Usernames", "Unique Usernames\Unique Usernames.csproj", "{FA878A60-C200-4C8B-AB07-96F231C38974}"
EndProject
Project("{FAE04EC0-301F-11D3-BF4B-00C04F79EFBC}") = "Sets of Elements", "Sets of Elements\Sets of Elements.csproj", "{7908F9D7-7445-4F78-B15F-9BE9CE9D1FF2}"
EndProject
Global
	GlobalSection(SolutionConfigurationPlatforms) = preSolution
		Debug|Any CPU = Debug|Any CPU
		Release|Any CPU = Release|Any CPU
	EndGlobalSection
	GlobalSection(ProjectConfigurationPlatforms) = postSolution
		{FA878A60-C200-4C8B-AB07-96F231C38974}.Debug|Any CPU.ActiveCfg = Debug|Any CPU
		{FA878A60-C200-4C8B-AB07-96F231C38974}.Debug|Any CPU.Build.0 = Debug|Any CPU
		{FA878A60-C200-4C8B-AB07-96F231C38974}.Release|Any CPU.ActiveCfg = Release|Any CPU
		{FA878A60-C200-4C8B-AB07-96F231C38974}.Release|Any CPU.Build.0 = Release|Any CPU
		{7908F9D7-7445-4F78-B15F-9BE9CE9D1FF2}.Debug|Any CPU.ActiveCfg = Debug|Any CPU
		{7908F9D7-7445-4F78-B15F-9BE9CE9D1FF2}.Debug|Any CPU.Build.0 = Debug|Any CPU
		{7908F9D7-7445-4F78-B15F-9BE9CE9D1FF2}.Release|Any CPU.ActiveCfg = Release|Any CPU
		{7908F9D7-7445-4F78-B15F-9BE9CE9D1FF2}.Release|Any CPU.Build.0 = Release|Any CPU
	EndGlobalSection
	GlobalSection(SolutionProperties) = preSolution
		HideSolutionNode = FALSE
	EndGlobalSection
	GlobalSection(ExtensibilityGlobals) = postSolution
		SolutionGuid = {976E323A-F025-4B36-AD14-CD133AE54E21}
	EndGlobalSection
EndGlobal
